
Microsoft Visual Studio Solution File, Format Version 12.00
# Visual Studio Version 16
VisualStudioVersion = 16.0.29230.47
MinimumVisualStudioVersion = 10.0.40219.1
Project("{FAE04EC0-301F-11D3-BF4B-00C04F79EFBC}") = "Práctica_1", "Práctica_1\Práctica_1.csproj", "{7875B2B2-2BDC-47BC-9C30-54CA7904A8AD}"
EndProject
Global
	GlobalSection(SolutionConfigurationPlatforms) = preSolution
		Debug|Any CPU = Debug|Any CPU
		Release|Any CPU = Release|Any CPU
	EndGlobalSection
	GlobalSection(ProjectConfigurationPlatforms) = postSolution
		{7875B2B2-2BDC-47BC-9C30-54CA7904A8AD}.Debug|Any CPU.ActiveCfg = Debug|Any CPU
		{7875B2B2-2BDC-47BC-9C30-54CA7904A8AD}.Debug|Any CPU.Build.0 = Debug|Any CPU
		{7875B2B2-2BDC-47BC-9C30-54CA7904A8AD}.Release|Any CPU.ActiveCfg = Release|Any CPU
		{7875B2B2-2BDC-47BC-9C30-54CA7904A8AD}.Release|Any CPU.Build.0 = Release|Any CPU
	EndGlobalSection
	GlobalSection(SolutionProperties) = preSolution
		HideSolutionNode = FALSE
	EndGlobalSection
	GlobalSection(ExtensibilityGlobals) = postSolution
		SolutionGuid = {B5EC0ABF-3EC5-4268-9659-9992F4E040E7}
	EndGlobalSection
EndGlobal
