
Microsoft Visual Studio Solution File, Format Version 12.00
# Visual Studio Version 16
VisualStudioVersion = 16.0.29409.12
MinimumVisualStudioVersion = 10.0.40219.1
Project("{FAE04EC0-301F-11D3-BF4B-00C04F79EFBC}") = "Examen2", "Examen2\Examen2.csproj", "{3DCBAE8A-75C9-4901-A367-C4FB0D03C6C0}"
EndProject
Global
	GlobalSection(SolutionConfigurationPlatforms) = preSolution
		Debug|Any CPU = Debug|Any CPU
		Release|Any CPU = Release|Any CPU
	EndGlobalSection
	GlobalSection(ProjectConfigurationPlatforms) = postSolution
		{3DCBAE8A-75C9-4901-A367-C4FB0D03C6C0}.Debug|Any CPU.ActiveCfg = Debug|Any CPU
		{3DCBAE8A-75C9-4901-A367-C4FB0D03C6C0}.Debug|Any CPU.Build.0 = Debug|Any CPU
		{3DCBAE8A-75C9-4901-A367-C4FB0D03C6C0}.Release|Any CPU.ActiveCfg = Release|Any CPU
		{3DCBAE8A-75C9-4901-A367-C4FB0D03C6C0}.Release|Any CPU.Build.0 = Release|Any CPU
	EndGlobalSection
	GlobalSection(SolutionProperties) = preSolution
		HideSolutionNode = FALSE
	EndGlobalSection
	GlobalSection(ExtensibilityGlobals) = postSolution
		SolutionGuid = {EB48C92B-41E9-4E53-B5D2-0D779A560526}
	EndGlobalSection
EndGlobal
